// !$*UTF8*$!
{
	archiveVersion = 1;
	classes = {
	};
	objectVersion = 56;
	objects = {

/* Begin PBXBuildFile section */
		D70ADB422B1CEA5A00792653 /* Colors.swift in Sources */ = {isa = PBXBuildFile; fileRef = D70ADB412B1CEA5A00792653 /* Colors.swift */; };
		D7274C332B17AF7C003D1D90 /* EpisodesDetailView.swift in Sources */ = {isa = PBXBuildFile; fileRef = D7274C322B17AF7C003D1D90 /* EpisodesDetailView.swift */; };
		D7274C352B17B009003D1D90 /* EpisodesDetailViewModel.swift in Sources */ = {isa = PBXBuildFile; fileRef = D7274C342B17B009003D1D90 /* EpisodesDetailViewModel.swift */; };
		D7274C3B2B17B487003D1D90 /* CharactersRowView.swift in Sources */ = {isa = PBXBuildFile; fileRef = D7274C3A2B17B487003D1D90 /* CharactersRowView.swift */; };
		D72DAD162B1608D200C03E24 /* Rick_MortyApp.swift in Sources */ = {isa = PBXBuildFile; fileRef = D72DAD152B1608D200C03E24 /* Rick_MortyApp.swift */; };
		D72DAD182B1608D200C03E24 /* ContentView.swift in Sources */ = {isa = PBXBuildFile; fileRef = D72DAD172B1608D200C03E24 /* ContentView.swift */; };
		D72DAD1A2B1608D400C03E24 /* Assets.xcassets in Resources */ = {isa = PBXBuildFile; fileRef = D72DAD192B1608D400C03E24 /* Assets.xcassets */; };
		D72DAD1D2B1608D400C03E24 /* Preview Assets.xcassets in Resources */ = {isa = PBXBuildFile; fileRef = D72DAD1C2B1608D400C03E24 /* Preview Assets.xcassets */; };
		D72DAD272B1608D500C03E24 /* Rick_MortyTests.swift in Sources */ = {isa = PBXBuildFile; fileRef = D72DAD262B1608D500C03E24 /* Rick_MortyTests.swift */; };
		D72DAD312B1608D500C03E24 /* Rick_MortyUITests.swift in Sources */ = {isa = PBXBuildFile; fileRef = D72DAD302B1608D500C03E24 /* Rick_MortyUITests.swift */; };
		D72DAD332B1608D500C03E24 /* Rick_MortyUITestsLaunchTests.swift in Sources */ = {isa = PBXBuildFile; fileRef = D72DAD322B1608D500C03E24 /* Rick_MortyUITestsLaunchTests.swift */; };
		D72DAD452B1609F600C03E24 /* Character.swift in Sources */ = {isa = PBXBuildFile; fileRef = D72DAD442B1609F600C03E24 /* Character.swift */; };
		D72DAD472B160A2E00C03E24 /* CharactersListViewModel.swift in Sources */ = {isa = PBXBuildFile; fileRef = D72DAD462B160A2E00C03E24 /* CharactersListViewModel.swift */; };
		D72DAD492B160A9F00C03E24 /* Manager.swift in Sources */ = {isa = PBXBuildFile; fileRef = D72DAD482B160A9F00C03E24 /* Manager.swift */; };
		D72DAD4B2B160B5100C03E24 /* CharactersView.swift in Sources */ = {isa = PBXBuildFile; fileRef = D72DAD4A2B160B5100C03E24 /* CharactersView.swift */; };
		D72DAD4F2B16424E00C03E24 /* Locations.swift in Sources */ = {isa = PBXBuildFile; fileRef = D72DAD4E2B16424E00C03E24 /* Locations.swift */; };
		D72DAD512B16425800C03E24 /* Episodes.swift in Sources */ = {isa = PBXBuildFile; fileRef = D72DAD502B16425800C03E24 /* Episodes.swift */; };
		D72DAD532B164C4E00C03E24 /* SearchView.swift in Sources */ = {isa = PBXBuildFile; fileRef = D72DAD522B164C4E00C03E24 /* SearchView.swift */; };
		D72DAD552B16551700C03E24 /* CharacterDetailView.swift in Sources */ = {isa = PBXBuildFile; fileRef = D72DAD542B16551700C03E24 /* CharacterDetailView.swift */; };
		D73D59CA2B1898720083E549 /* SearchViewModel.swift in Sources */ = {isa = PBXBuildFile; fileRef = D73D59C92B1898720083E549 /* SearchViewModel.swift */; };
		D73D59CC2B1903680083E549 /* EpisodesRowView.swift in Sources */ = {isa = PBXBuildFile; fileRef = D73D59CB2B1903680083E549 /* EpisodesRowView.swift */; };
		D73D59CE2B1903770083E549 /* LocationsRowView.swift in Sources */ = {isa = PBXBuildFile; fileRef = D73D59CD2B1903770083E549 /* LocationsRowView.swift */; };
		D73FA72C2B17274F007FD0C3 /* DetailViewCell.swift in Sources */ = {isa = PBXBuildFile; fileRef = D73FA72B2B17274F007FD0C3 /* DetailViewCell.swift */; };
		D73FA72E2B17323D007FD0C3 /* InfoHelper.swift in Sources */ = {isa = PBXBuildFile; fileRef = D73FA72D2B17323D007FD0C3 /* InfoHelper.swift */; };
		D73FA7302B173EC9007FD0C3 /* CharacterDetailViewModel.swift in Sources */ = {isa = PBXBuildFile; fileRef = D73FA72F2B173EC9007FD0C3 /* CharacterDetailViewModel.swift */; };
		D73FA7322B174340007FD0C3 /* LocationDetailViewCell.swift in Sources */ = {isa = PBXBuildFile; fileRef = D73FA7312B174340007FD0C3 /* LocationDetailViewCell.swift */; };
		D73FA7342B174903007FD0C3 /* EpisodeDetailViewCell.swift in Sources */ = {isa = PBXBuildFile; fileRef = D73FA7332B174903007FD0C3 /* EpisodeDetailViewCell.swift */; };
		D73FA7362B1770B3007FD0C3 /* EpisodesView.swift in Sources */ = {isa = PBXBuildFile; fileRef = D73FA7352B1770B3007FD0C3 /* EpisodesView.swift */; };
		D73FA7382B17710E007FD0C3 /* LocationsView.swift in Sources */ = {isa = PBXBuildFile; fileRef = D73FA7372B17710E007FD0C3 /* LocationsView.swift */; };
		D73FA73A2B1773DF007FD0C3 /* LocationDetailView.swift in Sources */ = {isa = PBXBuildFile; fileRef = D73FA7392B1773DF007FD0C3 /* LocationDetailView.swift */; };
		D73FA73C2B17754F007FD0C3 /* LocationDetailViewModel.swift in Sources */ = {isa = PBXBuildFile; fileRef = D73FA73B2B17754F007FD0C3 /* LocationDetailViewModel.swift */; };
		D73FA73E2B17790D007FD0C3 /* CharacterCell.swift in Sources */ = {isa = PBXBuildFile; fileRef = D73FA73D2B17790D007FD0C3 /* CharacterCell.swift */; };
		D74C55292B19394C000D36FD /* SearchFilter.swift in Sources */ = {isa = PBXBuildFile; fileRef = D74C55282B19394C000D36FD /* SearchFilter.swift */; };
		D74DEB8A2B1B5476001E0F1E /* SearchBar.swift in Sources */ = {isa = PBXBuildFile; fileRef = D74DEB892B1B5476001E0F1E /* SearchBar.swift */; };
		D74DEB8C2B1B54A0001E0F1E /* FilterItem.swift in Sources */ = {isa = PBXBuildFile; fileRef = D74DEB8B2B1B54A0001E0F1E /* FilterItem.swift */; };
		D74DEB8E2B1B54DA001E0F1E /* FilterRow.swift in Sources */ = {isa = PBXBuildFile; fileRef = D74DEB8D2B1B54DA001E0F1E /* FilterRow.swift */; };
		D74DEB942B1B7013001E0F1E /* SubfilterItem.swift in Sources */ = {isa = PBXBuildFile; fileRef = D74DEB932B1B7013001E0F1E /* SubfilterItem.swift */; };
		D74DEB962B1B713B001E0F1E /* SubfilterRow.swift in Sources */ = {isa = PBXBuildFile; fileRef = D74DEB952B1B713B001E0F1E /* SubfilterRow.swift */; };
		D798C10A2B1C9FCE0024808C /* EpisodesViewModel.swift in Sources */ = {isa = PBXBuildFile; fileRef = D798C1092B1C9FCE0024808C /* EpisodesViewModel.swift */; };
		D798C10C2B1CA0F90024808C /* LocationsViewModel.swift in Sources */ = {isa = PBXBuildFile; fileRef = D798C10B2B1CA0F90024808C /* LocationsViewModel.swift */; };
		D798C10F2B1CA3B90024808C /* DetailComponent.swift in Sources */ = {isa = PBXBuildFile; fileRef = D798C10E2B1CA3B90024808C /* DetailComponent.swift */; };
		D798C1112B1CACBC0024808C /* SplashView.swift in Sources */ = {isa = PBXBuildFile; fileRef = D798C1102B1CACBC0024808C /* SplashView.swift */; };
		D7EB995B2B1A49A100951C0B /* CharacterColumnsView.swift in Sources */ = {isa = PBXBuildFile; fileRef = D7EB995A2B1A49A100951C0B /* CharacterColumnsView.swift */; };
/* End PBXBuildFile section */

/* Begin PBXContainerItemProxy section */
		D72DAD232B1608D500C03E24 /* PBXContainerItemProxy */ = {
			isa = PBXContainerItemProxy;
			containerPortal = D72DAD0A2B1608D200C03E24 /* Project object */;
			proxyType = 1;
			remoteGlobalIDString = D72DAD112B1608D200C03E24;
			remoteInfo = "Rick&Morty";
		};
		D72DAD2D2B1608D500C03E24 /* PBXContainerItemProxy */ = {
			isa = PBXContainerItemProxy;
			containerPortal = D72DAD0A2B1608D200C03E24 /* Project object */;
			proxyType = 1;
			remoteGlobalIDString = D72DAD112B1608D200C03E24;
			remoteInfo = "Rick&Morty";
		};
/* End PBXContainerItemProxy section */

/* Begin PBXFileReference section */
		D70ADB412B1CEA5A00792653 /* Colors.swift */ = {isa = PBXFileReference; lastKnownFileType = sourcecode.swift; path = Colors.swift; sourceTree = "<group>"; };
		D7274C322B17AF7C003D1D90 /* EpisodesDetailView.swift */ = {isa = PBXFileReference; lastKnownFileType = sourcecode.swift; path = EpisodesDetailView.swift; sourceTree = "<group>"; };
		D7274C342B17B009003D1D90 /* EpisodesDetailViewModel.swift */ = {isa = PBXFileReference; lastKnownFileType = sourcecode.swift; path = EpisodesDetailViewModel.swift; sourceTree = "<group>"; };
		D7274C3A2B17B487003D1D90 /* CharactersRowView.swift */ = {isa = PBXFileReference; lastKnownFileType = sourcecode.swift; path = CharactersRowView.swift; sourceTree = "<group>"; };
		D72DAD122B1608D200C03E24 /* Rick&Morty.app */ = {isa = PBXFileReference; explicitFileType = wrapper.application; includeInIndex = 0; path = "Rick&Morty.app"; sourceTree = BUILT_PRODUCTS_DIR; };
		D72DAD152B1608D200C03E24 /* Rick_MortyApp.swift */ = {isa = PBXFileReference; lastKnownFileType = sourcecode.swift; path = Rick_MortyApp.swift; sourceTree = "<group>"; };
		D72DAD172B1608D200C03E24 /* ContentView.swift */ = {isa = PBXFileReference; lastKnownFileType = sourcecode.swift; path = ContentView.swift; sourceTree = "<group>"; };
		D72DAD192B1608D400C03E24 /* Assets.xcassets */ = {isa = PBXFileReference; lastKnownFileType = folder.assetcatalog; path = Assets.xcassets; sourceTree = "<group>"; };
		D72DAD1C2B1608D400C03E24 /* Preview Assets.xcassets */ = {isa = PBXFileReference; lastKnownFileType = folder.assetcatalog; path = "Preview Assets.xcassets"; sourceTree = "<group>"; };
		D72DAD222B1608D500C03E24 /* Rick&MortyTests.xctest */ = {isa = PBXFileReference; explicitFileType = wrapper.cfbundle; includeInIndex = 0; path = "Rick&MortyTests.xctest"; sourceTree = BUILT_PRODUCTS_DIR; };
		D72DAD262B1608D500C03E24 /* Rick_MortyTests.swift */ = {isa = PBXFileReference; lastKnownFileType = sourcecode.swift; path = Rick_MortyTests.swift; sourceTree = "<group>"; };
		D72DAD2C2B1608D500C03E24 /* Rick&MortyUITests.xctest */ = {isa = PBXFileReference; explicitFileType = wrapper.cfbundle; includeInIndex = 0; path = "Rick&MortyUITests.xctest"; sourceTree = BUILT_PRODUCTS_DIR; };
		D72DAD302B1608D500C03E24 /* Rick_MortyUITests.swift */ = {isa = PBXFileReference; lastKnownFileType = sourcecode.swift; path = Rick_MortyUITests.swift; sourceTree = "<group>"; };
		D72DAD322B1608D500C03E24 /* Rick_MortyUITestsLaunchTests.swift */ = {isa = PBXFileReference; lastKnownFileType = sourcecode.swift; path = Rick_MortyUITestsLaunchTests.swift; sourceTree = "<group>"; };
		D72DAD442B1609F600C03E24 /* Character.swift */ = {isa = PBXFileReference; lastKnownFileType = sourcecode.swift; path = Character.swift; sourceTree = "<group>"; };
		D72DAD462B160A2E00C03E24 /* CharactersListViewModel.swift */ = {isa = PBXFileReference; lastKnownFileType = sourcecode.swift; path = CharactersListViewModel.swift; sourceTree = "<group>"; };
		D72DAD482B160A9F00C03E24 /* Manager.swift */ = {isa = PBXFileReference; lastKnownFileType = sourcecode.swift; path = Manager.swift; sourceTree = "<group>"; };
		D72DAD4A2B160B5100C03E24 /* CharactersView.swift */ = {isa = PBXFileReference; lastKnownFileType = sourcecode.swift; path = CharactersView.swift; sourceTree = "<group>"; };
		D72DAD4E2B16424E00C03E24 /* Locations.swift */ = {isa = PBXFileReference; lastKnownFileType = sourcecode.swift; path = Locations.swift; sourceTree = "<group>"; };
		D72DAD502B16425800C03E24 /* Episodes.swift */ = {isa = PBXFileReference; lastKnownFileType = sourcecode.swift; path = Episodes.swift; sourceTree = "<group>"; };
		D72DAD522B164C4E00C03E24 /* SearchView.swift */ = {isa = PBXFileReference; lastKnownFileType = sourcecode.swift; path = SearchView.swift; sourceTree = "<group>"; };
		D72DAD542B16551700C03E24 /* CharacterDetailView.swift */ = {isa = PBXFileReference; lastKnownFileType = sourcecode.swift; path = CharacterDetailView.swift; sourceTree = "<group>"; };
		D73D59C92B1898720083E549 /* SearchViewModel.swift */ = {isa = PBXFileReference; lastKnownFileType = sourcecode.swift; path = SearchViewModel.swift; sourceTree = "<group>"; };
		D73D59CB2B1903680083E549 /* EpisodesRowView.swift */ = {isa = PBXFileReference; lastKnownFileType = sourcecode.swift; path = EpisodesRowView.swift; sourceTree = "<group>"; };
		D73D59CD2B1903770083E549 /* LocationsRowView.swift */ = {isa = PBXFileReference; lastKnownFileType = sourcecode.swift; path = LocationsRowView.swift; sourceTree = "<group>"; };
		D73FA72B2B17274F007FD0C3 /* DetailViewCell.swift */ = {isa = PBXFileReference; lastKnownFileType = sourcecode.swift; path = DetailViewCell.swift; sourceTree = "<group>"; };
		D73FA72D2B17323D007FD0C3 /* InfoHelper.swift */ = {isa = PBXFileReference; lastKnownFileType = sourcecode.swift; path = InfoHelper.swift; sourceTree = "<group>"; };
		D73FA72F2B173EC9007FD0C3 /* CharacterDetailViewModel.swift */ = {isa = PBXFileReference; lastKnownFileType = sourcecode.swift; path = CharacterDetailViewModel.swift; sourceTree = "<group>"; };
		D73FA7312B174340007FD0C3 /* LocationDetailViewCell.swift */ = {isa = PBXFileReference; lastKnownFileType = sourcecode.swift; path = LocationDetailViewCell.swift; sourceTree = "<group>"; };
		D73FA7332B174903007FD0C3 /* EpisodeDetailViewCell.swift */ = {isa = PBXFileReference; lastKnownFileType = sourcecode.swift; path = EpisodeDetailViewCell.swift; sourceTree = "<group>"; };
		D73FA7352B1770B3007FD0C3 /* EpisodesView.swift */ = {isa = PBXFileReference; lastKnownFileType = sourcecode.swift; path = EpisodesView.swift; sourceTree = "<group>"; };
		D73FA7372B17710E007FD0C3 /* LocationsView.swift */ = {isa = PBXFileReference; lastKnownFileType = sourcecode.swift; path = LocationsView.swift; sourceTree = "<group>"; };
		D73FA7392B1773DF007FD0C3 /* LocationDetailView.swift */ = {isa = PBXFileReference; lastKnownFileType = sourcecode.swift; path = LocationDetailView.swift; sourceTree = "<group>"; };
		D73FA73B2B17754F007FD0C3 /* LocationDetailViewModel.swift */ = {isa = PBXFileReference; lastKnownFileType = sourcecode.swift; path = LocationDetailViewModel.swift; sourceTree = "<group>"; };
		D73FA73D2B17790D007FD0C3 /* CharacterCell.swift */ = {isa = PBXFileReference; lastKnownFileType = sourcecode.swift; path = CharacterCell.swift; sourceTree = "<group>"; };
		D74C55282B19394C000D36FD /* SearchFilter.swift */ = {isa = PBXFileReference; lastKnownFileType = sourcecode.swift; path = SearchFilter.swift; sourceTree = "<group>"; };
		D74DEB892B1B5476001E0F1E /* SearchBar.swift */ = {isa = PBXFileReference; lastKnownFileType = sourcecode.swift; path = SearchBar.swift; sourceTree = "<group>"; };
		D74DEB8B2B1B54A0001E0F1E /* FilterItem.swift */ = {isa = PBXFileReference; lastKnownFileType = sourcecode.swift; path = FilterItem.swift; sourceTree = "<group>"; };
		D74DEB8D2B1B54DA001E0F1E /* FilterRow.swift */ = {isa = PBXFileReference; lastKnownFileType = sourcecode.swift; path = FilterRow.swift; sourceTree = "<group>"; };
		D74DEB932B1B7013001E0F1E /* SubfilterItem.swift */ = {isa = PBXFileReference; lastKnownFileType = sourcecode.swift; path = SubfilterItem.swift; sourceTree = "<group>"; };
		D74DEB952B1B713B001E0F1E /* SubfilterRow.swift */ = {isa = PBXFileReference; lastKnownFileType = sourcecode.swift; path = SubfilterRow.swift; sourceTree = "<group>"; };
		D798C1092B1C9FCE0024808C /* EpisodesViewModel.swift */ = {isa = PBXFileReference; lastKnownFileType = sourcecode.swift; path = EpisodesViewModel.swift; sourceTree = "<group>"; };
		D798C10B2B1CA0F90024808C /* LocationsViewModel.swift */ = {isa = PBXFileReference; lastKnownFileType = sourcecode.swift; path = LocationsViewModel.swift; sourceTree = "<group>"; };
		D798C10E2B1CA3B90024808C /* DetailComponent.swift */ = {isa = PBXFileReference; lastKnownFileType = sourcecode.swift; path = DetailComponent.swift; sourceTree = "<group>"; };
		D798C1102B1CACBC0024808C /* SplashView.swift */ = {isa = PBXFileReference; lastKnownFileType = sourcecode.swift; path = SplashView.swift; sourceTree = "<group>"; };
		D7EB995A2B1A49A100951C0B /* CharacterColumnsView.swift */ = {isa = PBXFileReference; lastKnownFileType = sourcecode.swift; path = CharacterColumnsView.swift; sourceTree = "<group>"; };
/* End PBXFileReference section */

/* Begin PBXFrameworksBuildPhase section */
		D72DAD0F2B1608D200C03E24 /* Frameworks */ = {
			isa = PBXFrameworksBuildPhase;
			buildActionMask = 2147483647;
			files = (
			);
			runOnlyForDeploymentPostprocessing = 0;
		};
		D72DAD1F2B1608D500C03E24 /* Frameworks */ = {
			isa = PBXFrameworksBuildPhase;
			buildActionMask = 2147483647;
			files = (
			);
			runOnlyForDeploymentPostprocessing = 0;
		};
		D72DAD292B1608D500C03E24 /* Frameworks */ = {
			isa = PBXFrameworksBuildPhase;
			buildActionMask = 2147483647;
			files = (
			);
			runOnlyForDeploymentPostprocessing = 0;
		};
/* End PBXFrameworksBuildPhase section */

/* Begin PBXGroup section */
		D7274C362B17B31F003D1D90 /* EpisodesView */ = {
			isa = PBXGroup;
			children = (
				D798C1042B1C9F2D0024808C /* Components */,
				D73FA7352B1770B3007FD0C3 /* EpisodesView.swift */,
				D7274C322B17AF7C003D1D90 /* EpisodesDetailView.swift */,
			);
			path = EpisodesView;
			sourceTree = "<group>";
		};
		D7274C372B17B332003D1D90 /* CharactersView */ = {
			isa = PBXGroup;
			children = (
				D798C1022B1C9EEB0024808C /* Components */,
				D72DAD4A2B160B5100C03E24 /* CharactersView.swift */,
				D72DAD542B16551700C03E24 /* CharacterDetailView.swift */,
			);
			path = CharactersView;
			sourceTree = "<group>";
		};
		D7274C382B17B33B003D1D90 /* LocationsView */ = {
			isa = PBXGroup;
			children = (
				D798C1012B1C9ECF0024808C /* Components */,
				D73FA7372B17710E007FD0C3 /* LocationsView.swift */,
				D73FA7392B1773DF007FD0C3 /* LocationDetailView.swift */,
			);
			path = LocationsView;
			sourceTree = "<group>";
		};
		D7274C392B17B34C003D1D90 /* SearchView */ = {
			isa = PBXGroup;
			children = (
				D74DEB882B1B5463001E0F1E /* Components */,
				D72DAD522B164C4E00C03E24 /* SearchView.swift */,
			);
			path = SearchView;
			sourceTree = "<group>";
		};
		D72DAD092B1608D200C03E24 = {
			isa = PBXGroup;
			children = (
				D72DAD142B1608D200C03E24 /* Rick&Morty */,
				D72DAD252B1608D500C03E24 /* Rick&MortyTests */,
				D72DAD2F2B1608D500C03E24 /* Rick&MortyUITests */,
				D72DAD132B1608D200C03E24 /* Products */,
			);
			sourceTree = "<group>";
		};
		D72DAD132B1608D200C03E24 /* Products */ = {
			isa = PBXGroup;
			children = (
				D72DAD122B1608D200C03E24 /* Rick&Morty.app */,
				D72DAD222B1608D500C03E24 /* Rick&MortyTests.xctest */,
				D72DAD2C2B1608D500C03E24 /* Rick&MortyUITests.xctest */,
			);
			name = Products;
			sourceTree = "<group>";
		};
		D72DAD142B1608D200C03E24 /* Rick&Morty */ = {
			isa = PBXGroup;
			children = (
				D72DAD432B16094F00C03E24 /* Helpers */,
				D72DAD422B16093700C03E24 /* ApiContent */,
				D72DAD402B16091100C03E24 /* Views */,
				D72DAD412B16091900C03E24 /* ViewModels */,
				D72DAD3F2B16090100C03E24 /* Models */,
				D798C1102B1CACBC0024808C /* SplashView.swift */,
				D72DAD152B1608D200C03E24 /* Rick_MortyApp.swift */,
				D72DAD172B1608D200C03E24 /* ContentView.swift */,
				D72DAD192B1608D400C03E24 /* Assets.xcassets */,
				D72DAD1B2B1608D400C03E24 /* Preview Content */,
			);
			path = "Rick&Morty";
			sourceTree = "<group>";
		};
		D72DAD1B2B1608D400C03E24 /* Preview Content */ = {
			isa = PBXGroup;
			children = (
				D72DAD1C2B1608D400C03E24 /* Preview Assets.xcassets */,
			);
			path = "Preview Content";
			sourceTree = "<group>";
		};
		D72DAD252B1608D500C03E24 /* Rick&MortyTests */ = {
			isa = PBXGroup;
			children = (
				D72DAD262B1608D500C03E24 /* Rick_MortyTests.swift */,
			);
			path = "Rick&MortyTests";
			sourceTree = "<group>";
		};
		D72DAD2F2B1608D500C03E24 /* Rick&MortyUITests */ = {
			isa = PBXGroup;
			children = (
				D72DAD302B1608D500C03E24 /* Rick_MortyUITests.swift */,
				D72DAD322B1608D500C03E24 /* Rick_MortyUITestsLaunchTests.swift */,
			);
			path = "Rick&MortyUITests";
			sourceTree = "<group>";
		};
		D72DAD3F2B16090100C03E24 /* Models */ = {
			isa = PBXGroup;
			children = (
				D74C55282B19394C000D36FD /* SearchFilter.swift */,
				D72DAD442B1609F600C03E24 /* Character.swift */,
				D72DAD4E2B16424E00C03E24 /* Locations.swift */,
				D72DAD502B16425800C03E24 /* Episodes.swift */,
			);
			path = Models;
			sourceTree = "<group>";
		};
		D72DAD402B16091100C03E24 /* Views */ = {
			isa = PBXGroup;
			children = (
				D7274C392B17B34C003D1D90 /* SearchView */,
				D7274C382B17B33B003D1D90 /* LocationsView */,
				D7274C372B17B332003D1D90 /* CharactersView */,
				D7274C362B17B31F003D1D90 /* EpisodesView */,
				D72DAD562B16551F00C03E24 /* GeneralComponents */,
			);
			path = Views;
			sourceTree = "<group>";
		};
		D72DAD412B16091900C03E24 /* ViewModels */ = {
			isa = PBXGroup;
			children = (
				D798C1082B1C9F6E0024808C /* Search */,
				D798C1072B1C9F5B0024808C /* Episodes */,
				D798C1062B1C9F550024808C /* Locations */,
				D798C1052B1C9F4F0024808C /* Characters */,
			);
			path = ViewModels;
			sourceTree = "<group>";
		};
		D72DAD422B16093700C03E24 /* ApiContent */ = {
			isa = PBXGroup;
			children = (
				D72DAD482B160A9F00C03E24 /* Manager.swift */,
			);
			path = ApiContent;
			sourceTree = "<group>";
		};
		D72DAD432B16094F00C03E24 /* Helpers */ = {
			isa = PBXGroup;
			children = (
				D73FA72D2B17323D007FD0C3 /* InfoHelper.swift */,
				D70ADB412B1CEA5A00792653 /* Colors.swift */,
			);
			path = Helpers;
			sourceTree = "<group>";
		};
		D72DAD562B16551F00C03E24 /* GeneralComponents */ = {
			isa = PBXGroup;
			children = (
				D73FA72B2B17274F007FD0C3 /* DetailViewCell.swift */,
				D798C10E2B1CA3B90024808C /* DetailComponent.swift */,
			);
			path = GeneralComponents;
			sourceTree = "<group>";
		};
		D74DEB882B1B5463001E0F1E /* Components */ = {
			isa = PBXGroup;
			children = (
				D74DEB892B1B5476001E0F1E /* SearchBar.swift */,
				D74DEB8B2B1B54A0001E0F1E /* FilterItem.swift */,
				D74DEB8D2B1B54DA001E0F1E /* FilterRow.swift */,
				D74DEB932B1B7013001E0F1E /* SubfilterItem.swift */,
				D74DEB952B1B713B001E0F1E /* SubfilterRow.swift */,
			);
			path = Components;
			sourceTree = "<group>";
		};
		D798C1012B1C9ECF0024808C /* Components */ = {
			isa = PBXGroup;
			children = (
				D73D59CD2B1903770083E549 /* LocationsRowView.swift */,
				D73FA7312B174340007FD0C3 /* LocationDetailViewCell.swift */,
			);
			path = Components;
			sourceTree = "<group>";
		};
		D798C1022B1C9EEB0024808C /* Components */ = {
			isa = PBXGroup;
			children = (
				D7EB995A2B1A49A100951C0B /* CharacterColumnsView.swift */,
				D7274C3A2B17B487003D1D90 /* CharactersRowView.swift */,
				D73FA73D2B17790D007FD0C3 /* CharacterCell.swift */,
			);
			path = Components;
			sourceTree = "<group>";
		};
		D798C1042B1C9F2D0024808C /* Components */ = {
			isa = PBXGroup;
			children = (
				D73FA7332B174903007FD0C3 /* EpisodeDetailViewCell.swift */,
				D73D59CB2B1903680083E549 /* EpisodesRowView.swift */,
			);
			path = Components;
			sourceTree = "<group>";
		};
		D798C1052B1C9F4F0024808C /* Characters */ = {
			isa = PBXGroup;
			children = (
				D72DAD462B160A2E00C03E24 /* CharactersListViewModel.swift */,
				D73FA72F2B173EC9007FD0C3 /* CharacterDetailViewModel.swift */,
			);
			path = Characters;
			sourceTree = "<group>";
		};
		D798C1062B1C9F550024808C /* Locations */ = {
			isa = PBXGroup;
			children = (
				D73FA73B2B17754F007FD0C3 /* LocationDetailViewModel.swift */,
				D798C10B2B1CA0F90024808C /* LocationsViewModel.swift */,
			);
			path = Locations;
			sourceTree = "<group>";
		};
		D798C1072B1C9F5B0024808C /* Episodes */ = {
			isa = PBXGroup;
			children = (
				D7274C342B17B009003D1D90 /* EpisodesDetailViewModel.swift */,
				D798C1092B1C9FCE0024808C /* EpisodesViewModel.swift */,
			);
			path = Episodes;
			sourceTree = "<group>";
		};
		D798C1082B1C9F6E0024808C /* Search */ = {
			isa = PBXGroup;
			children = (
				D73D59C92B1898720083E549 /* SearchViewModel.swift */,
			);
			path = Search;
			sourceTree = "<group>";
		};
/* End PBXGroup section */

/* Begin PBXNativeTarget section */
		D72DAD112B1608D200C03E24 /* Rick&Morty */ = {
			isa = PBXNativeTarget;
			buildConfigurationList = D72DAD362B1608D500C03E24 /* Build configuration list for PBXNativeTarget "Rick&Morty" */;
			buildPhases = (
				D72DAD0E2B1608D200C03E24 /* Sources */,
				D72DAD0F2B1608D200C03E24 /* Frameworks */,
				D72DAD102B1608D200C03E24 /* Resources */,
			);
			buildRules = (
			);
			dependencies = (
			);
			name = "Rick&Morty";
			productName = "Rick&Morty";
			productReference = D72DAD122B1608D200C03E24 /* Rick&Morty.app */;
			productType = "com.apple.product-type.application";
		};
		D72DAD212B1608D500C03E24 /* Rick&MortyTests */ = {
			isa = PBXNativeTarget;
			buildConfigurationList = D72DAD392B1608D500C03E24 /* Build configuration list for PBXNativeTarget "Rick&MortyTests" */;
			buildPhases = (
				D72DAD1E2B1608D500C03E24 /* Sources */,
				D72DAD1F2B1608D500C03E24 /* Frameworks */,
				D72DAD202B1608D500C03E24 /* Resources */,
			);
			buildRules = (
			);
			dependencies = (
				D72DAD242B1608D500C03E24 /* PBXTargetDependency */,
			);
			name = "Rick&MortyTests";
			productName = "Rick&MortyTests";
			productReference = D72DAD222B1608D500C03E24 /* Rick&MortyTests.xctest */;
			productType = "com.apple.product-type.bundle.unit-test";
		};
		D72DAD2B2B1608D500C03E24 /* Rick&MortyUITests */ = {
			isa = PBXNativeTarget;
			buildConfigurationList = D72DAD3C2B1608D500C03E24 /* Build configuration list for PBXNativeTarget "Rick&MortyUITests" */;
			buildPhases = (
				D72DAD282B1608D500C03E24 /* Sources */,
				D72DAD292B1608D500C03E24 /* Frameworks */,
				D72DAD2A2B1608D500C03E24 /* Resources */,
			);
			buildRules = (
			);
			dependencies = (
				D72DAD2E2B1608D500C03E24 /* PBXTargetDependency */,
			);
			name = "Rick&MortyUITests";
			productName = "Rick&MortyUITests";
			productReference = D72DAD2C2B1608D500C03E24 /* Rick&MortyUITests.xctest */;
			productType = "com.apple.product-type.bundle.ui-testing";
		};
/* End PBXNativeTarget section */

/* Begin PBXProject section */
		D72DAD0A2B1608D200C03E24 /* Project object */ = {
			isa = PBXProject;
			attributes = {
				BuildIndependentTargetsInParallel = 1;
				LastSwiftUpdateCheck = 1500;
				LastUpgradeCheck = 1500;
				TargetAttributes = {
					D72DAD112B1608D200C03E24 = {
						CreatedOnToolsVersion = 15.0.1;
					};
					D72DAD212B1608D500C03E24 = {
						CreatedOnToolsVersion = 15.0.1;
						TestTargetID = D72DAD112B1608D200C03E24;
					};
					D72DAD2B2B1608D500C03E24 = {
						CreatedOnToolsVersion = 15.0.1;
						TestTargetID = D72DAD112B1608D200C03E24;
					};
				};
			};
			buildConfigurationList = D72DAD0D2B1608D200C03E24 /* Build configuration list for PBXProject "Rick&Morty" */;
			compatibilityVersion = "Xcode 14.0";
			developmentRegion = en;
			hasScannedForEncodings = 0;
			knownRegions = (
				en,
				Base,
			);
			mainGroup = D72DAD092B1608D200C03E24;
			productRefGroup = D72DAD132B1608D200C03E24 /* Products */;
			projectDirPath = "";
			projectRoot = "";
			targets = (
				D72DAD112B1608D200C03E24 /* Rick&Morty */,
				D72DAD212B1608D500C03E24 /* Rick&MortyTests */,
				D72DAD2B2B1608D500C03E24 /* Rick&MortyUITests */,
			);
		};
/* End PBXProject section */

/* Begin PBXResourcesBuildPhase section */
		D72DAD102B1608D200C03E24 /* Resources */ = {
			isa = PBXResourcesBuildPhase;
			buildActionMask = 2147483647;
			files = (
				D72DAD1D2B1608D400C03E24 /* Preview Assets.xcassets in Resources */,
				D72DAD1A2B1608D400C03E24 /* Assets.xcassets in Resources */,
			);
			runOnlyForDeploymentPostprocessing = 0;
		};
		D72DAD202B1608D500C03E24 /* Resources */ = {
			isa = PBXResourcesBuildPhase;
			buildActionMask = 2147483647;
			files = (
			);
			runOnlyForDeploymentPostprocessing = 0;
		};
		D72DAD2A2B1608D500C03E24 /* Resources */ = {
			isa = PBXResourcesBuildPhase;
			buildActionMask = 2147483647;
			files = (
			);
			runOnlyForDeploymentPostprocessing = 0;
		};
/* End PBXResourcesBuildPhase section */

/* Begin PBXSourcesBuildPhase section */
		D72DAD0E2B1608D200C03E24 /* Sources */ = {
			isa = PBXSourcesBuildPhase;
			buildActionMask = 2147483647;
			files = (
				D72DAD4B2B160B5100C03E24 /* CharactersView.swift in Sources */,
				D73FA7342B174903007FD0C3 /* EpisodeDetailViewCell.swift in Sources */,
				D7274C3B2B17B487003D1D90 /* CharactersRowView.swift in Sources */,
				D73FA73A2B1773DF007FD0C3 /* LocationDetailView.swift in Sources */,
				D74C55292B19394C000D36FD /* SearchFilter.swift in Sources */,
				D72DAD532B164C4E00C03E24 /* SearchView.swift in Sources */,
				D7EB995B2B1A49A100951C0B /* CharacterColumnsView.swift in Sources */,
				D72DAD472B160A2E00C03E24 /* CharactersListViewModel.swift in Sources */,
				D73FA7362B1770B3007FD0C3 /* EpisodesView.swift in Sources */,
				D73FA73C2B17754F007FD0C3 /* LocationDetailViewModel.swift in Sources */,
				D73FA72E2B17323D007FD0C3 /* InfoHelper.swift in Sources */,
				D74DEB962B1B713B001E0F1E /* SubfilterRow.swift in Sources */,
				D73FA7322B174340007FD0C3 /* LocationDetailViewCell.swift in Sources */,
				D74DEB8C2B1B54A0001E0F1E /* FilterItem.swift in Sources */,
				D72DAD512B16425800C03E24 /* Episodes.swift in Sources */,
				D72DAD452B1609F600C03E24 /* Character.swift in Sources */,
				D72DAD552B16551700C03E24 /* CharacterDetailView.swift in Sources */,
				D72DAD182B1608D200C03E24 /* ContentView.swift in Sources */,
				D73FA7382B17710E007FD0C3 /* LocationsView.swift in Sources */,
				D72DAD162B1608D200C03E24 /* Rick_MortyApp.swift in Sources */,
				D74DEB8A2B1B5476001E0F1E /* SearchBar.swift in Sources */,
				D798C1112B1CACBC0024808C /* SplashView.swift in Sources */,
				D73FA73E2B17790D007FD0C3 /* CharacterCell.swift in Sources */,
				D72DAD4F2B16424E00C03E24 /* Locations.swift in Sources */,
				D73D59CA2B1898720083E549 /* SearchViewModel.swift in Sources */,
				D798C10C2B1CA0F90024808C /* LocationsViewModel.swift in Sources */,
				D74DEB8E2B1B54DA001E0F1E /* FilterRow.swift in Sources */,
				D7274C332B17AF7C003D1D90 /* EpisodesDetailView.swift in Sources */,
				D73D59CE2B1903770083E549 /* LocationsRowView.swift in Sources */,
				D74DEB942B1B7013001E0F1E /* SubfilterItem.swift in Sources */,
				D798C10A2B1C9FCE0024808C /* EpisodesViewModel.swift in Sources */,
				D70ADB422B1CEA5A00792653 /* Colors.swift in Sources */,
				D73D59CC2B1903680083E549 /* EpisodesRowView.swift in Sources */,
				D73FA72C2B17274F007FD0C3 /* DetailViewCell.swift in Sources */,
				D73FA7302B173EC9007FD0C3 /* CharacterDetailViewModel.swift in Sources */,
				D72DAD492B160A9F00C03E24 /* Manager.swift in Sources */,
				D798C10F2B1CA3B90024808C /* DetailComponent.swift in Sources */,
				D7274C352B17B009003D1D90 /* EpisodesDetailViewModel.swift in Sources */,
			);
			runOnlyForDeploymentPostprocessing = 0;
		};
		D72DAD1E2B1608D500C03E24 /* Sources */ = {
			isa = PBXSourcesBuildPhase;
			buildActionMask = 2147483647;
			files = (
				D72DAD272B1608D500C03E24 /* Rick_MortyTests.swift in Sources */,
			);
			runOnlyForDeploymentPostprocessing = 0;
		};
		D72DAD282B1608D500C03E24 /* Sources */ = {
			isa = PBXSourcesBuildPhase;
			buildActionMask = 2147483647;
			files = (
				D72DAD312B1608D500C03E24 /* Rick_MortyUITests.swift in Sources */,
				D72DAD332B1608D500C03E24 /* Rick_MortyUITestsLaunchTests.swift in Sources */,
			);
			runOnlyForDeploymentPostprocessing = 0;
		};
/* End PBXSourcesBuildPhase section */

/* Begin PBXTargetDependency section */
		D72DAD242B1608D500C03E24 /* PBXTargetDependency */ = {
			isa = PBXTargetDependency;
			target = D72DAD112B1608D200C03E24 /* Rick&Morty */;
			targetProxy = D72DAD232B1608D500C03E24 /* PBXContainerItemProxy */;
		};
		D72DAD2E2B1608D500C03E24 /* PBXTargetDependency */ = {
			isa = PBXTargetDependency;
			target = D72DAD112B1608D200C03E24 /* Rick&Morty */;
			targetProxy = D72DAD2D2B1608D500C03E24 /* PBXContainerItemProxy */;
		};
/* End PBXTargetDependency section */

/* Begin XCBuildConfiguration section */
		D72DAD342B1608D500C03E24 /* Debug */ = {
			isa = XCBuildConfiguration;
			buildSettings = {
				ALWAYS_SEARCH_USER_PATHS = NO;
				ASSETCATALOG_COMPILER_GENERATE_SWIFT_ASSET_SYMBOL_EXTENSIONS = YES;
				CLANG_ANALYZER_NONNULL = YES;
				CLANG_ANALYZER_NUMBER_OBJECT_CONVERSION = YES_AGGRESSIVE;
				CLANG_CXX_LANGUAGE_STANDARD = "gnu++20";
				CLANG_ENABLE_MODULES = YES;
				CLANG_ENABLE_OBJC_ARC = YES;
				CLANG_ENABLE_OBJC_WEAK = YES;
				CLANG_WARN_BLOCK_CAPTURE_AUTORELEASING = YES;
				CLANG_WARN_BOOL_CONVERSION = YES;
				CLANG_WARN_COMMA = YES;
				CLANG_WARN_CONSTANT_CONVERSION = YES;
				CLANG_WARN_DEPRECATED_OBJC_IMPLEMENTATIONS = YES;
				CLANG_WARN_DIRECT_OBJC_ISA_USAGE = YES_ERROR;
				CLANG_WARN_DOCUMENTATION_COMMENTS = YES;
				CLANG_WARN_EMPTY_BODY = YES;
				CLANG_WARN_ENUM_CONVERSION = YES;
				CLANG_WARN_INFINITE_RECURSION = YES;
				CLANG_WARN_INT_CONVERSION = YES;
				CLANG_WARN_NON_LITERAL_NULL_CONVERSION = YES;
				CLANG_WARN_OBJC_IMPLICIT_RETAIN_SELF = YES;
				CLANG_WARN_OBJC_LITERAL_CONVERSION = YES;
				CLANG_WARN_OBJC_ROOT_CLASS = YES_ERROR;
				CLANG_WARN_QUOTED_INCLUDE_IN_FRAMEWORK_HEADER = YES;
				CLANG_WARN_RANGE_LOOP_ANALYSIS = YES;
				CLANG_WARN_STRICT_PROTOTYPES = YES;
				CLANG_WARN_SUSPICIOUS_MOVE = YES;
				CLANG_WARN_UNGUARDED_AVAILABILITY = YES_AGGRESSIVE;
				CLANG_WARN_UNREACHABLE_CODE = YES;
				CLANG_WARN__DUPLICATE_METHOD_MATCH = YES;
				COPY_PHASE_STRIP = NO;
				DEBUG_INFORMATION_FORMAT = dwarf;
				ENABLE_STRICT_OBJC_MSGSEND = YES;
				ENABLE_TESTABILITY = YES;
				ENABLE_USER_SCRIPT_SANDBOXING = YES;
				GCC_C_LANGUAGE_STANDARD = gnu17;
				GCC_DYNAMIC_NO_PIC = NO;
				GCC_NO_COMMON_BLOCKS = YES;
				GCC_OPTIMIZATION_LEVEL = 0;
				GCC_PREPROCESSOR_DEFINITIONS = (
					"DEBUG=1",
					"$(inherited)",
				);
				GCC_WARN_64_TO_32_BIT_CONVERSION = YES;
				GCC_WARN_ABOUT_RETURN_TYPE = YES_ERROR;
				GCC_WARN_UNDECLARED_SELECTOR = YES;
				GCC_WARN_UNINITIALIZED_AUTOS = YES_AGGRESSIVE;
				GCC_WARN_UNUSED_FUNCTION = YES;
				GCC_WARN_UNUSED_VARIABLE = YES;
				IPHONEOS_DEPLOYMENT_TARGET = 17.0;
				LOCALIZATION_PREFERS_STRING_CATALOGS = YES;
				MTL_ENABLE_DEBUG_INFO = INCLUDE_SOURCE;
				MTL_FAST_MATH = YES;
				ONLY_ACTIVE_ARCH = YES;
				SDKROOT = iphoneos;
				SWIFT_ACTIVE_COMPILATION_CONDITIONS = "DEBUG $(inherited)";
				SWIFT_OPTIMIZATION_LEVEL = "-Onone";
			};
			name = Debug;
		};
		D72DAD352B1608D500C03E24 /* Release */ = {
			isa = XCBuildConfiguration;
			buildSettings = {
				ALWAYS_SEARCH_USER_PATHS = NO;
				ASSETCATALOG_COMPILER_GENERATE_SWIFT_ASSET_SYMBOL_EXTENSIONS = YES;
				CLANG_ANALYZER_NONNULL = YES;
				CLANG_ANALYZER_NUMBER_OBJECT_CONVERSION = YES_AGGRESSIVE;
				CLANG_CXX_LANGUAGE_STANDARD = "gnu++20";
				CLANG_ENABLE_MODULES = YES;
				CLANG_ENABLE_OBJC_ARC = YES;
				CLANG_ENABLE_OBJC_WEAK = YES;
				CLANG_WARN_BLOCK_CAPTURE_AUTORELEASING = YES;
				CLANG_WARN_BOOL_CONVERSION = YES;
				CLANG_WARN_COMMA = YES;
				CLANG_WARN_CONSTANT_CONVERSION = YES;
				CLANG_WARN_DEPRECATED_OBJC_IMPLEMENTATIONS = YES;
				CLANG_WARN_DIRECT_OBJC_ISA_USAGE = YES_ERROR;
				CLANG_WARN_DOCUMENTATION_COMMENTS = YES;
				CLANG_WARN_EMPTY_BODY = YES;
				CLANG_WARN_ENUM_CONVERSION = YES;
				CLANG_WARN_INFINITE_RECURSION = YES;
				CLANG_WARN_INT_CONVERSION = YES;
				CLANG_WARN_NON_LITERAL_NULL_CONVERSION = YES;
				CLANG_WARN_OBJC_IMPLICIT_RETAIN_SELF = YES;
				CLANG_WARN_OBJC_LITERAL_CONVERSION = YES;
				CLANG_WARN_OBJC_ROOT_CLASS = YES_ERROR;
				CLANG_WARN_QUOTED_INCLUDE_IN_FRAMEWORK_HEADER = YES;
				CLANG_WARN_RANGE_LOOP_ANALYSIS = YES;
				CLANG_WARN_STRICT_PROTOTYPES = YES;
				CLANG_WARN_SUSPICIOUS_MOVE = YES;
				CLANG_WARN_UNGUARDED_AVAILABILITY = YES_AGGRESSIVE;
				CLANG_WARN_UNREACHABLE_CODE = YES;
				CLANG_WARN__DUPLICATE_METHOD_MATCH = YES;
				COPY_PHASE_STRIP = NO;
				DEBUG_INFORMATION_FORMAT = "dwarf-with-dsym";
				ENABLE_NS_ASSERTIONS = NO;
				ENABLE_STRICT_OBJC_MSGSEND = YES;
				ENABLE_USER_SCRIPT_SANDBOXING = YES;
				GCC_C_LANGUAGE_STANDARD = gnu17;
				GCC_NO_COMMON_BLOCKS = YES;
				GCC_WARN_64_TO_32_BIT_CONVERSION = YES;
				GCC_WARN_ABOUT_RETURN_TYPE = YES_ERROR;
				GCC_WARN_UNDECLARED_SELECTOR = YES;
				GCC_WARN_UNINITIALIZED_AUTOS = YES_AGGRESSIVE;
				GCC_WARN_UNUSED_FUNCTION = YES;
				GCC_WARN_UNUSED_VARIABLE = YES;
				IPHONEOS_DEPLOYMENT_TARGET = 17.0;
				LOCALIZATION_PREFERS_STRING_CATALOGS = YES;
				MTL_ENABLE_DEBUG_INFO = NO;
				MTL_FAST_MATH = YES;
				SDKROOT = iphoneos;
				SWIFT_COMPILATION_MODE = wholemodule;
				VALIDATE_PRODUCT = YES;
			};
			name = Release;
		};
		D72DAD372B1608D500C03E24 /* Debug */ = {
			isa = XCBuildConfiguration;
			buildSettings = {
				ASSETCATALOG_COMPILER_APPICON_NAME = AppIcon;
				ASSETCATALOG_COMPILER_GLOBAL_ACCENT_COLOR_NAME = AccentColor;
				CODE_SIGN_STYLE = Automatic;
				CURRENT_PROJECT_VERSION = 1;
				DEVELOPMENT_ASSET_PATHS = "\"Rick&Morty/Preview Content\"";
				DEVELOPMENT_TEAM = 87384N2FLP;
				ENABLE_PREVIEWS = YES;
				GENERATE_INFOPLIST_FILE = YES;
				INFOPLIST_KEY_UIApplicationSceneManifest_Generation = YES;
				INFOPLIST_KEY_UIApplicationSupportsIndirectInputEvents = YES;
				INFOPLIST_KEY_UILaunchScreen_Generation = YES;
				INFOPLIST_KEY_UISupportedInterfaceOrientations_iPad = "UIInterfaceOrientationPortrait UIInterfaceOrientationPortraitUpsideDown UIInterfaceOrientationLandscapeLeft UIInterfaceOrientationLandscapeRight";
				INFOPLIST_KEY_UISupportedInterfaceOrientations_iPhone = "UIInterfaceOrientationPortrait UIInterfaceOrientationLandscapeLeft UIInterfaceOrientationLandscapeRight";
				IPHONEOS_DEPLOYMENT_TARGET = 17.0;
				LD_RUNPATH_SEARCH_PATHS = (
					"$(inherited)",
					"@executable_path/Frameworks",
				);
				MARKETING_VERSION = 1.0;
				PRODUCT_BUNDLE_IDENTIFIER = "com.alvarovega.Rick-Morty";
				PRODUCT_NAME = "$(TARGET_NAME)";
				SWIFT_EMIT_LOC_STRINGS = YES;
				SWIFT_VERSION = 5.0;
				TARGETED_DEVICE_FAMILY = "1,2";
			};
			name = Debug;
		};
		D72DAD382B1608D500C03E24 /* Release */ = {
			isa = XCBuildConfiguration;
			buildSettings = {
				ASSETCATALOG_COMPILER_APPICON_NAME = AppIcon;
				ASSETCATALOG_COMPILER_GLOBAL_ACCENT_COLOR_NAME = AccentColor;
				CODE_SIGN_STYLE = Automatic;
				CURRENT_PROJECT_VERSION = 1;
				DEVELOPMENT_ASSET_PATHS = "\"Rick&Morty/Preview Content\"";
				DEVELOPMENT_TEAM = 87384N2FLP;
				ENABLE_PREVIEWS = YES;
				GENERATE_INFOPLIST_FILE = YES;
				INFOPLIST_KEY_UIApplicationSceneManifest_Generation = YES;
				INFOPLIST_KEY_UIApplicationSupportsIndirectInputEvents = YES;
				INFOPLIST_KEY_UILaunchScreen_Generation = YES;
				INFOPLIST_KEY_UISupportedInterfaceOrientations_iPad = "UIInterfaceOrientationPortrait UIInterfaceOrientationPortraitUpsideDown UIInterfaceOrientationLandscapeLeft UIInterfaceOrientationLandscapeRight";
				INFOPLIST_KEY_UISupportedInterfaceOrientations_iPhone = "UIInterfaceOrientationPortrait UIInterfaceOrientationLandscapeLeft UIInterfaceOrientationLandscapeRight";
				IPHONEOS_DEPLOYMENT_TARGET = 17.0;
				LD_RUNPATH_SEARCH_PATHS = (
					"$(inherited)",
					"@executable_path/Frameworks",
				);
				MARKETING_VERSION = 1.0;
				PRODUCT_BUNDLE_IDENTIFIER = "com.alvarovega.Rick-Morty";
				PRODUCT_NAME = "$(TARGET_NAME)";
				SWIFT_EMIT_LOC_STRINGS = YES;
				SWIFT_VERSION = 5.0;
				TARGETED_DEVICE_FAMILY = "1,2";
			};
			name = Release;
		};
		D72DAD3A2B1608D500C03E24 /* Debug */ = {
			isa = XCBuildConfiguration;
			buildSettings = {
				ALWAYS_EMBED_SWIFT_STANDARD_LIBRARIES = YES;
				BUNDLE_LOADER = "$(TEST_HOST)";
				CODE_SIGN_STYLE = Automatic;
				CURRENT_PROJECT_VERSION = 1;
				GENERATE_INFOPLIST_FILE = YES;
				IPHONEOS_DEPLOYMENT_TARGET = 17.0;
				MARKETING_VERSION = 1.0;
				PRODUCT_BUNDLE_IDENTIFIER = "com.alvarovega.Rick-MortyTests";
				PRODUCT_NAME = "$(TARGET_NAME)";
				SWIFT_EMIT_LOC_STRINGS = NO;
				SWIFT_VERSION = 5.0;
				TARGETED_DEVICE_FAMILY = "1,2";
				TEST_HOST = "$(BUILT_PRODUCTS_DIR)/Rick&Morty.app/$(BUNDLE_EXECUTABLE_FOLDER_PATH)/Rick&Morty";
			};
			name = Debug;
		};
		D72DAD3B2B1608D500C03E24 /* Release */ = {
			isa = XCBuildConfiguration;
			buildSettings = {
				ALWAYS_EMBED_SWIFT_STANDARD_LIBRARIES = YES;
				BUNDLE_LOADER = "$(TEST_HOST)";
				CODE_SIGN_STYLE = Automatic;
				CURRENT_PROJECT_VERSION = 1;
				GENERATE_INFOPLIST_FILE = YES;
				IPHONEOS_DEPLOYMENT_TARGET = 17.0;
				MARKETING_VERSION = 1.0;
				PRODUCT_BUNDLE_IDENTIFIER = "com.alvarovega.Rick-MortyTests";
				PRODUCT_NAME = "$(TARGET_NAME)";
				SWIFT_EMIT_LOC_STRINGS = NO;
				SWIFT_VERSION = 5.0;
				TARGETED_DEVICE_FAMILY = "1,2";
				TEST_HOST = "$(BUILT_PRODUCTS_DIR)/Rick&Morty.app/$(BUNDLE_EXECUTABLE_FOLDER_PATH)/Rick&Morty";
			};
			name = Release;
		};
		D72DAD3D2B1608D500C03E24 /* Debug */ = {
			isa = XCBuildConfiguration;
			buildSettings = {
				ALWAYS_EMBED_SWIFT_STANDARD_LIBRARIES = YES;
				CODE_SIGN_STYLE = Automatic;
				CURRENT_PROJECT_VERSION = 1;
				GENERATE_INFOPLIST_FILE = YES;
				MARKETING_VERSION = 1.0;
				PRODUCT_BUNDLE_IDENTIFIER = "com.alvarovega.Rick-MortyUITests";
				PRODUCT_NAME = "$(TARGET_NAME)";
				SWIFT_EMIT_LOC_STRINGS = NO;
				SWIFT_VERSION = 5.0;
				TARGETED_DEVICE_FAMILY = "1,2";
				TEST_TARGET_NAME = "Rick&Morty";
			};
			name = Debug;
		};
		D72DAD3E2B1608D500C03E24 /* Release */ = {
			isa = XCBuildConfiguration;
			buildSettings = {
				ALWAYS_EMBED_SWIFT_STANDARD_LIBRARIES = YES;
				CODE_SIGN_STYLE = Automatic;
				CURRENT_PROJECT_VERSION = 1;
				GENERATE_INFOPLIST_FILE = YES;
				MARKETING_VERSION = 1.0;
				PRODUCT_BUNDLE_IDENTIFIER = "com.alvarovega.Rick-MortyUITests";
				PRODUCT_NAME = "$(TARGET_NAME)";
				SWIFT_EMIT_LOC_STRINGS = NO;
				SWIFT_VERSION = 5.0;
				TARGETED_DEVICE_FAMILY = "1,2";
				TEST_TARGET_NAME = "Rick&Morty";
			};
			name = Release;
		};
/* End XCBuildConfiguration section */

/* Begin XCConfigurationList section */
		D72DAD0D2B1608D200C03E24 /* Build configuration list for PBXProject "Rick&Morty" */ = {
			isa = XCConfigurationList;
			buildConfigurations = (
				D72DAD342B1608D500C03E24 /* Debug */,
				D72DAD352B1608D500C03E24 /* Release */,
			);
			defaultConfigurationIsVisible = 0;
			defaultConfigurationName = Release;
		};
		D72DAD362B1608D500C03E24 /* Build configuration list for PBXNativeTarget "Rick&Morty" */ = {
			isa = XCConfigurationList;
			buildConfigurations = (
				D72DAD372B1608D500C03E24 /* Debug */,
				D72DAD382B1608D500C03E24 /* Release */,
			);
			defaultConfigurationIsVisible = 0;
			defaultConfigurationName = Release;
		};
		D72DAD392B1608D500C03E24 /* Build configuration list for PBXNativeTarget "Rick&MortyTests" */ = {
			isa = XCConfigurationList;
			buildConfigurations = (
				D72DAD3A2B1608D500C03E24 /* Debug */,
				D72DAD3B2B1608D500C03E24 /* Release */,
			);
			defaultConfigurationIsVisible = 0;
			defaultConfigurationName = Release;
		};
		D72DAD3C2B1608D500C03E24 /* Build configuration list for PBXNativeTarget "Rick&MortyUITests" */ = {
			isa = XCConfigurationList;
			buildConfigurations = (
				D72DAD3D2B1608D500C03E24 /* Debug */,
				D72DAD3E2B1608D500C03E24 /* Release */,
			);
			defaultConfigurationIsVisible = 0;
			defaultConfigurationName = Release;
		};
/* End XCConfigurationList section */
	};
	rootObject = D72DAD0A2B1608D200C03E24 /* Project object */;
}
